
Microsoft Visual Studio Solution File, Format Version 12.00
# Visual Studio Version 18
VisualStudioVersion = 18.10.12201.205 stable
MinimumVisualStudioVersion = 10.0.40219.1
Project("{2150E333-8FDC-42A3-9474-1A3956D46DE8}") = "src", "src", "{560EC18B-65F1-4E2D-9C51-B4613240B44A}"
EndProject
Project("{FAE04EC0-301F-11D3-BF4B-00C04F79EFBC}") = "LastOneRich", "src\LastOneRich\LastOneRich.csproj", "{187619F7-FEE5-4DB9-9F3A-261786CA49C4}"
EndProject
Project("{FAE04EC0-301F-11D3-BF4B-00C04F79EFBC}") = "HeadlessSim", "src\HeadlessSim\HeadlessSim.csproj", "{A8D92313-4236-4AAA-9E30-66E2D6FD24FC}"
EndProject
Global
	GlobalSection(SolutionConfigurationPlatforms) = preSolution
		Debug|Any CPU = Debug|Any CPU
		Release|Any CPU = Release|Any CPU
	EndGlobalSection
	GlobalSection(ProjectConfigurationPlatforms) = postSolution
		{187619F7-FEE5-4DB9-9F3A-261786CA49C4}.Debug|Any CPU.ActiveCfg = Debug|Any CPU
		{187619F7-FEE5-4DB9-9F3A-261786CA49C4}.Debug|Any CPU.Build.0 = Debug|Any CPU
		{187619F7-FEE5-4DB9-9F3A-261786CA49C4}.Release|Any CPU.ActiveCfg = Release|Any CPU
		{187619F7-FEE5-4DB9-9F3A-261786CA49C4}.Release|Any CPU.Build.0 = Release|Any CPU
		{A8D92313-4236-4AAA-9E30-66E2D6FD24FC}.Debug|Any CPU.ActiveCfg = Debug|Any CPU
		{A8D92313-4236-4AAA-9E30-66E2D6FD24FC}.Debug|Any CPU.Build.0 = Debug|Any CPU
		{A8D92313-4236-4AAA-9E30-66E2D6FD24FC}.Release|Any CPU.ActiveCfg = Release|Any CPU
		{A8D92313-4236-4AAA-9E30-66E2D6FD24FC}.Release|Any CPU.Build.0 = Release|Any CPU
	EndGlobalSection
	GlobalSection(SolutionProperties) = preSolution
		HideSolutionNode = FALSE
	EndGlobalSection
	GlobalSection(NestedProjects) = preSolution
		{187619F7-FEE5-4DB9-9F3A-261786CA49C4} = {560EC18B-65F1-4E2D-9C51-B4613240B44A}
		{A8D92313-4236-4AAA-9E30-66E2D6FD24FC} = {560EC18B-65F1-4E2D-9C51-B4613240B44A}
	EndGlobalSection
	GlobalSection(ExtensibilityGlobals) = postSolution
		SolutionGuid = {1D50224D-FC7F-4329-8213-6F23DA314718}
	EndGlobalSection
EndGlobal
